// !$*UTF8*$!
{
	archiveVersion = 1;
	classes = {
	};
	objectVersion = 56;
	objects = {

/* Begin PBXBuildFile section */
		682382052AC9BBA400D5D8EB /* AppDelegate.swift in Sources */ = {isa = PBXBuildFile; fileRef = 682382042AC9BBA400D5D8EB /* AppDelegate.swift */; };
		682382072AC9BBA400D5D8EB /* SceneDelegate.swift in Sources */ = {isa = PBXBuildFile; fileRef = 682382062AC9BBA400D5D8EB /* SceneDelegate.swift */; };
		682382092AC9BBA400D5D8EB /* HomeVC.swift in Sources */ = {isa = PBXBuildFile; fileRef = 682382082AC9BBA400D5D8EB /* HomeVC.swift */; };
		6823820C2AC9BBA400D5D8EB /* Main.storyboard in Resources */ = {isa = PBXBuildFile; fileRef = 6823820A2AC9BBA400D5D8EB /* Main.storyboard */; };
		6823820E2AC9BBA400D5D8EB /* Assets.xcassets in Resources */ = {isa = PBXBuildFile; fileRef = 6823820D2AC9BBA400D5D8EB /* Assets.xcassets */; };
		682382112AC9BBA400D5D8EB /* LaunchScreen.storyboard in Resources */ = {isa = PBXBuildFile; fileRef = 6823820F2AC9BBA400D5D8EB /* LaunchScreen.storyboard */; };
		6823821E2AC9CB9000D5D8EB /* ProfileVC.swift in Sources */ = {isa = PBXBuildFile; fileRef = 6823821D2AC9CB9000D5D8EB /* ProfileVC.swift */; };
		682382202AC9CB9E00D5D8EB /* BasketVC.swift in Sources */ = {isa = PBXBuildFile; fileRef = 6823821F2AC9CB9E00D5D8EB /* BasketVC.swift */; };
		682382232AC9CD4F00D5D8EB /* homeFoodCell.swift in Sources */ = {isa = PBXBuildFile; fileRef = 682382222AC9CD4F00D5D8EB /* homeFoodCell.swift */; };
		682382252AC9CD8C00D5D8EB /* profileBasketDetailCell.swift in Sources */ = {isa = PBXBuildFile; fileRef = 682382242AC9CD8C00D5D8EB /* profileBasketDetailCell.swift */; };
		682382272AC9D0AC00D5D8EB /* BasketCell.swift in Sources */ = {isa = PBXBuildFile; fileRef = 682382262AC9D0AC00D5D8EB /* BasketCell.swift */; };
		682382292AC9D31000D5D8EB /* Food.swift in Sources */ = {isa = PBXBuildFile; fileRef = 682382282AC9D31000D5D8EB /* Food.swift */; };
		6823822B2AC9D3D700D5D8EB /* FoodInBasket.swift in Sources */ = {isa = PBXBuildFile; fileRef = 6823822A2AC9D3D700D5D8EB /* FoodInBasket.swift */; };
		6823822D2AC9D50200D5D8EB /* Response.swift in Sources */ = {isa = PBXBuildFile; fileRef = 6823822C2AC9D50200D5D8EB /* Response.swift */; };
		6823822F2AC9D57200D5D8EB /* HomeViewModel.swift in Sources */ = {isa = PBXBuildFile; fileRef = 6823822E2AC9D57200D5D8EB /* HomeViewModel.swift */; };
		682382322AC9D63A00D5D8EB /* NetworkService.swift in Sources */ = {isa = PBXBuildFile; fileRef = 682382312AC9D63A00D5D8EB /* NetworkService.swift */; };
		682382352AC9D6C400D5D8EB /* Alamofire in Frameworks */ = {isa = PBXBuildFile; productRef = 682382342AC9D6C400D5D8EB /* Alamofire */; };
		682382382AC9D6D100D5D8EB /* Kingfisher in Frameworks */ = {isa = PBXBuildFile; productRef = 682382372AC9D6D100D5D8EB /* Kingfisher */; };
		6823823B2AC9D6F800D5D8EB /* FirebaseAuth in Frameworks */ = {isa = PBXBuildFile; productRef = 6823823A2AC9D6F800D5D8EB /* FirebaseAuth */; };
		6823823D2AC9D6F800D5D8EB /* FirebaseFirestore in Frameworks */ = {isa = PBXBuildFile; productRef = 6823823C2AC9D6F800D5D8EB /* FirebaseFirestore */; };
		682382402AC9EB2900D5D8EB /* RxSwift in Frameworks */ = {isa = PBXBuildFile; productRef = 6823823F2AC9EB2900D5D8EB /* RxSwift */; };
		682382422AC9F53D00D5D8EB /* DetailVC.swift in Sources */ = {isa = PBXBuildFile; fileRef = 682382412AC9F53D00D5D8EB /* DetailVC.swift */; };
		682382442AC9FD5E00D5D8EB /* GoogleService-Info.plist in Resources */ = {isa = PBXBuildFile; fileRef = 682382432AC9FD5E00D5D8EB /* GoogleService-Info.plist */; };
		682382472AC9FD9100D5D8EB /* Shared.swift in Sources */ = {isa = PBXBuildFile; fileRef = 682382462AC9FD9100D5D8EB /* Shared.swift */; };
		684F4F4F2ACDD78C005E907E /* TransportData.swift in Sources */ = {isa = PBXBuildFile; fileRef = 684F4F4E2ACDD78C005E907E /* TransportData.swift */; };
		684F4F512ACDE0B3005E907E /* BasketViewModel.swift in Sources */ = {isa = PBXBuildFile; fileRef = 684F4F502ACDE0B3005E907E /* BasketViewModel.swift */; };
		687EEA192AD065C0003611C8 /* DetailViewModel.swift in Sources */ = {isa = PBXBuildFile; fileRef = 687EEA182AD065C0003611C8 /* DetailViewModel.swift */; };
/* End PBXBuildFile section */

/* Begin PBXFileReference section */
		682382012AC9BBA400D5D8EB /* OrderApp.app */ = {isa = PBXFileReference; explicitFileType = wrapper.application; includeInIndex = 0; path = OrderApp.app; sourceTree = BUILT_PRODUCTS_DIR; };
		682382042AC9BBA400D5D8EB /* AppDelegate.swift */ = {isa = PBXFileReference; lastKnownFileType = sourcecode.swift; path = AppDelegate.swift; sourceTree = "<group>"; };
		682382062AC9BBA400D5D8EB /* SceneDelegate.swift */ = {isa = PBXFileReference; lastKnownFileType = sourcecode.swift; path = SceneDelegate.swift; sourceTree = "<group>"; };
		682382082AC9BBA400D5D8EB /* HomeVC.swift */ = {isa = PBXFileReference; lastKnownFileType = sourcecode.swift; path = HomeVC.swift; sourceTree = "<group>"; };
		6823820B2AC9BBA400D5D8EB /* Base */ = {isa = PBXFileReference; lastKnownFileType = file.storyboard; name = Base; path = Base.lproj/Main.storyboard; sourceTree = "<group>"; };
		6823820D2AC9BBA400D5D8EB /* Assets.xcassets */ = {isa = PBXFileReference; lastKnownFileType = folder.assetcatalog; path = Assets.xcassets; sourceTree = "<group>"; };
		682382102AC9BBA400D5D8EB /* Base */ = {isa = PBXFileReference; lastKnownFileType = file.storyboard; name = Base; path = Base.lproj/LaunchScreen.storyboard; sourceTree = "<group>"; };
		682382122AC9BBA400D5D8EB /* Info.plist */ = {isa = PBXFileReference; lastKnownFileType = text.plist.xml; path = Info.plist; sourceTree = "<group>"; };
		6823821D2AC9CB9000D5D8EB /* ProfileVC.swift */ = {isa = PBXFileReference; lastKnownFileType = sourcecode.swift; path = ProfileVC.swift; sourceTree = "<group>"; };
		6823821F2AC9CB9E00D5D8EB /* BasketVC.swift */ = {isa = PBXFileReference; lastKnownFileType = sourcecode.swift; path = BasketVC.swift; sourceTree = "<group>"; };
		682382222AC9CD4F00D5D8EB /* homeFoodCell.swift */ = {isa = PBXFileReference; lastKnownFileType = sourcecode.swift; path = homeFoodCell.swift; sourceTree = "<group>"; };
		682382242AC9CD8C00D5D8EB /* profileBasketDetailCell.swift */ = {isa = PBXFileReference; lastKnownFileType = sourcecode.swift; path = profileBasketDetailCell.swift; sourceTree = "<group>"; };
		682382262AC9D0AC00D5D8EB /* BasketCell.swift */ = {isa = PBXFileReference; lastKnownFileType = sourcecode.swift; path = BasketCell.swift; sourceTree = "<group>"; };
		682382282AC9D31000D5D8EB /* Food.swift */ = {isa = PBXFileReference; lastKnownFileType = sourcecode.swift; path = Food.swift; sourceTree = "<group>"; };
		6823822A2AC9D3D700D5D8EB /* FoodInBasket.swift */ = {isa = PBXFileReference; lastKnownFileType = sourcecode.swift; path = FoodInBasket.swift; sourceTree = "<group>"; };
		6823822C2AC9D50200D5D8EB /* Response.swift */ = {isa = PBXFileReference; lastKnownFileType = sourcecode.swift; path = Response.swift; sourceTree = "<group>"; };
		6823822E2AC9D57200D5D8EB /* HomeViewModel.swift */ = {isa = PBXFileReference; lastKnownFileType = sourcecode.swift; path = HomeViewModel.swift; sourceTree = "<group>"; };
		682382312AC9D63A00D5D8EB /* NetworkService.swift */ = {isa = PBXFileReference; lastKnownFileType = sourcecode.swift; path = NetworkService.swift; sourceTree = "<group>"; };
		682382412AC9F53D00D5D8EB /* DetailVC.swift */ = {isa = PBXFileReference; lastKnownFileType = sourcecode.swift; path = DetailVC.swift; sourceTree = "<group>"; };
		682382432AC9FD5E00D5D8EB /* GoogleService-Info.plist */ = {isa = PBXFileReference; fileEncoding = 4; lastKnownFileType = text.plist.xml; path = "GoogleService-Info.plist"; sourceTree = "<group>"; };
		682382462AC9FD9100D5D8EB /* Shared.swift */ = {isa = PBXFileReference; lastKnownFileType = sourcecode.swift; path = Shared.swift; sourceTree = "<group>"; };
		684F4F4E2ACDD78C005E907E /* TransportData.swift */ = {isa = PBXFileReference; lastKnownFileType = sourcecode.swift; path = TransportData.swift; sourceTree = "<group>"; };
		684F4F502ACDE0B3005E907E /* BasketViewModel.swift */ = {isa = PBXFileReference; lastKnownFileType = sourcecode.swift; path = BasketViewModel.swift; sourceTree = "<group>"; };
		687EEA182AD065C0003611C8 /* DetailViewModel.swift */ = {isa = PBXFileReference; lastKnownFileType = sourcecode.swift; path = DetailViewModel.swift; sourceTree = "<group>"; };
/* End PBXFileReference section */

/* Begin PBXFrameworksBuildPhase section */
		682381FE2AC9BBA400D5D8EB /* Frameworks */ = {
			isa = PBXFrameworksBuildPhase;
			buildActionMask = 2147483647;
			files = (
				682382382AC9D6D100D5D8EB /* Kingfisher in Frameworks */,
				6823823D2AC9D6F800D5D8EB /* FirebaseFirestore in Frameworks */,
				682382402AC9EB2900D5D8EB /* RxSwift in Frameworks */,
				6823823B2AC9D6F800D5D8EB /* FirebaseAuth in Frameworks */,
				682382352AC9D6C400D5D8EB /* Alamofire in Frameworks */,
			);
			runOnlyForDeploymentPostprocessing = 0;
		};
/* End PBXFrameworksBuildPhase section */

/* Begin PBXGroup section */
		682381F82AC9BBA400D5D8EB = {
			isa = PBXGroup;
			children = (
				682382032AC9BBA400D5D8EB /* OrderApp */,
				682382022AC9BBA400D5D8EB /* Products */,
			);
			sourceTree = "<group>";
		};
		682382022AC9BBA400D5D8EB /* Products */ = {
			isa = PBXGroup;
			children = (
				682382012AC9BBA400D5D8EB /* OrderApp.app */,
			);
			name = Products;
			sourceTree = "<group>";
		};
		682382032AC9BBA400D5D8EB /* OrderApp */ = {
			isa = PBXGroup;
			children = (
				682382452AC9FD7900D5D8EB /* Helper */,
				682382432AC9FD5E00D5D8EB /* GoogleService-Info.plist */,
				682382302AC9D62C00D5D8EB /* Service */,
				682382192AC9BBBC00D5D8EB /* Data */,
				682382182AC9BBAB00D5D8EB /* UI */,
				682382042AC9BBA400D5D8EB /* AppDelegate.swift */,
				682382062AC9BBA400D5D8EB /* SceneDelegate.swift */,
				6823820A2AC9BBA400D5D8EB /* Main.storyboard */,
				6823820D2AC9BBA400D5D8EB /* Assets.xcassets */,
				6823820F2AC9BBA400D5D8EB /* LaunchScreen.storyboard */,
				682382122AC9BBA400D5D8EB /* Info.plist */,
			);
			path = OrderApp;
			sourceTree = "<group>";
		};
		682382182AC9BBAB00D5D8EB /* UI */ = {
			isa = PBXGroup;
			children = (
				6823821B2AC9BBCA00D5D8EB /* ViewModel */,
				6823821A2AC9BBC300D5D8EB /* View */,
			);
			path = UI;
			sourceTree = "<group>";
		};
		682382192AC9BBBC00D5D8EB /* Data */ = {
			isa = PBXGroup;
			children = (
				6823821C2AC9BBD100D5D8EB /* Model */,
			);
			path = Data;
			sourceTree = "<group>";
		};
		6823821A2AC9BBC300D5D8EB /* View */ = {
			isa = PBXGroup;
			children = (
				682382212AC9CD0900D5D8EB /* Cells */,
				682382082AC9BBA400D5D8EB /* HomeVC.swift */,
				6823821D2AC9CB9000D5D8EB /* ProfileVC.swift */,
				6823821F2AC9CB9E00D5D8EB /* BasketVC.swift */,
				682382412AC9F53D00D5D8EB /* DetailVC.swift */,
			);
			path = View;
			sourceTree = "<group>";
		};
		6823821B2AC9BBCA00D5D8EB /* ViewModel */ = {
			isa = PBXGroup;
			children = (
				6823822E2AC9D57200D5D8EB /* HomeViewModel.swift */,
				684F4F502ACDE0B3005E907E /* BasketViewModel.swift */,
				687EEA182AD065C0003611C8 /* DetailViewModel.swift */,
			);
			path = ViewModel;
			sourceTree = "<group>";
		};
		6823821C2AC9BBD100D5D8EB /* Model */ = {
			isa = PBXGroup;
			children = (
				682382282AC9D31000D5D8EB /* Food.swift */,
				6823822A2AC9D3D700D5D8EB /* FoodInBasket.swift */,
				6823822C2AC9D50200D5D8EB /* Response.swift */,
				684F4F4E2ACDD78C005E907E /* TransportData.swift */,
			);
			path = Model;
			sourceTree = "<group>";
		};
		682382212AC9CD0900D5D8EB /* Cells */ = {
			isa = PBXGroup;
			children = (
				682382222AC9CD4F00D5D8EB /* homeFoodCell.swift */,
				682382242AC9CD8C00D5D8EB /* profileBasketDetailCell.swift */,
				682382262AC9D0AC00D5D8EB /* BasketCell.swift */,
			);
			path = Cells;
			sourceTree = "<group>";
		};
		682382302AC9D62C00D5D8EB /* Service */ = {
			isa = PBXGroup;
			children = (
				682382312AC9D63A00D5D8EB /* NetworkService.swift */,
			);
			path = Service;
			sourceTree = "<group>";
		};
		682382452AC9FD7900D5D8EB /* Helper */ = {
			isa = PBXGroup;
			children = (
				682382462AC9FD9100D5D8EB /* Shared.swift */,
			);
			path = Helper;
			sourceTree = "<group>";
		};
/* End PBXGroup section */

/* Begin PBXNativeTarget section */
		682382002AC9BBA400D5D8EB /* OrderApp */ = {
			isa = PBXNativeTarget;
			buildConfigurationList = 682382152AC9BBA400D5D8EB /* Build configuration list for PBXNativeTarget "OrderApp" */;
			buildPhases = (
				682381FD2AC9BBA400D5D8EB /* Sources */,
				682381FE2AC9BBA400D5D8EB /* Frameworks */,
				682381FF2AC9BBA400D5D8EB /* Resources */,
			);
			buildRules = (
			);
			dependencies = (
			);
			name = OrderApp;
			packageProductDependencies = (
				682382342AC9D6C400D5D8EB /* Alamofire */,
				682382372AC9D6D100D5D8EB /* Kingfisher */,
				6823823A2AC9D6F800D5D8EB /* FirebaseAuth */,
				6823823C2AC9D6F800D5D8EB /* FirebaseFirestore */,
				6823823F2AC9EB2900D5D8EB /* RxSwift */,
			);
			productName = OrderApp;
			productReference = 682382012AC9BBA400D5D8EB /* OrderApp.app */;
			productType = "com.apple.product-type.application";
		};
/* End PBXNativeTarget section */

/* Begin PBXProject section */
		682381F92AC9BBA400D5D8EB /* Project object */ = {
			isa = PBXProject;
			attributes = {
				BuildIndependentTargetsInParallel = 1;
				LastSwiftUpdateCheck = 1430;
				LastUpgradeCheck = 1430;
				TargetAttributes = {
					682382002AC9BBA400D5D8EB = {
						CreatedOnToolsVersion = 14.3.1;
					};
				};
			};
			buildConfigurationList = 682381FC2AC9BBA400D5D8EB /* Build configuration list for PBXProject "OrderApp" */;
			compatibilityVersion = "Xcode 14.0";
			developmentRegion = en;
			hasScannedForEncodings = 0;
			knownRegions = (
				en,
				Base,
			);
			mainGroup = 682381F82AC9BBA400D5D8EB;
			packageReferences = (
				682382332AC9D6C400D5D8EB /* XCRemoteSwiftPackageReference "Alamofire" */,
				682382362AC9D6D100D5D8EB /* XCRemoteSwiftPackageReference "Kingfisher" */,
				682382392AC9D6F800D5D8EB /* XCRemoteSwiftPackageReference "firebase-ios-sdk" */,
				6823823E2AC9EB2900D5D8EB /* XCRemoteSwiftPackageReference "RxSwift" */,
			);
			productRefGroup = 682382022AC9BBA400D5D8EB /* Products */;
			projectDirPath = "";
			projectRoot = "";
			targets = (
				682382002AC9BBA400D5D8EB /* OrderApp */,
			);
		};
/* End PBXProject section */

/* Begin PBXResourcesBuildPhase section */
		682381FF2AC9BBA400D5D8EB /* Resources */ = {
			isa = PBXResourcesBuildPhase;
			buildActionMask = 2147483647;
			files = (
				682382112AC9BBA400D5D8EB /* LaunchScreen.storyboard in Resources */,
				682382442AC9FD5E00D5D8EB /* GoogleService-Info.plist in Resources */,
				6823820E2AC9BBA400D5D8EB /* Assets.xcassets in Resources */,
				6823820C2AC9BBA400D5D8EB /* Main.storyboard in Resources */,
			);
			runOnlyForDeploymentPostprocessing = 0;
		};
/* End PBXResourcesBuildPhase section */

/* Begin PBXSourcesBuildPhase section */
		682381FD2AC9BBA400D5D8EB /* Sources */ = {
			isa = PBXSourcesBuildPhase;
			buildActionMask = 2147483647;
			files = (
				682382472AC9FD9100D5D8EB /* Shared.swift in Sources */,
				684F4F512ACDE0B3005E907E /* BasketViewModel.swift in Sources */,
				682382232AC9CD4F00D5D8EB /* homeFoodCell.swift in Sources */,
				6823821E2AC9CB9000D5D8EB /* ProfileVC.swift in Sources */,
				682382202AC9CB9E00D5D8EB /* BasketVC.swift in Sources */,
				682382252AC9CD8C00D5D8EB /* profileBasketDetailCell.swift in Sources */,
				684F4F4F2ACDD78C005E907E /* TransportData.swift in Sources */,
				682382092AC9BBA400D5D8EB /* HomeVC.swift in Sources */,
				682382292AC9D31000D5D8EB /* Food.swift in Sources */,
				6823822B2AC9D3D700D5D8EB /* FoodInBasket.swift in Sources */,
				6823822F2AC9D57200D5D8EB /* HomeViewModel.swift in Sources */,
				6823822D2AC9D50200D5D8EB /* Response.swift in Sources */,
				682382272AC9D0AC00D5D8EB /* BasketCell.swift in Sources */,
				687EEA192AD065C0003611C8 /* DetailViewModel.swift in Sources */,
				682382052AC9BBA400D5D8EB /* AppDelegate.swift in Sources */,
				682382322AC9D63A00D5D8EB /* NetworkService.swift in Sources */,
				682382072AC9BBA400D5D8EB /* SceneDelegate.swift in Sources */,
				682382422AC9F53D00D5D8EB /* DetailVC.swift in Sources */,
			);
			runOnlyForDeploymentPostprocessing = 0;
		};
/* End PBXSourcesBuildPhase section */

/* Begin PBXVariantGroup section */
		6823820A2AC9BBA400D5D8EB /* Main.storyboard */ = {
			isa = PBXVariantGroup;
			children = (
				6823820B2AC9BBA400D5D8EB /* Base */,
			);
			name = Main.storyboard;
			sourceTree = "<group>";
		};
		6823820F2AC9BBA400D5D8EB /* LaunchScreen.storyboard */ = {
			isa = PBXVariantGroup;
			children = (
				682382102AC9BBA400D5D8EB /* Base */,
			);
			name = LaunchScreen.storyboard;
			sourceTree = "<group>";
		};
/* End PBXVariantGroup section */

/* Begin XCBuildConfiguration section */
		682382132AC9BBA400D5D8EB /* Debug */ = {
			isa = XCBuildConfiguration;
			buildSettings = {
				ALWAYS_SEARCH_USER_PATHS = NO;
				CLANG_ANALYZER_NONNULL = YES;
				CLANG_ANALYZER_NUMBER_OBJECT_CONVERSION = YES_AGGRESSIVE;
				CLANG_CXX_LANGUAGE_STANDARD = "gnu++20";
				CLANG_ENABLE_MODULES = YES;
				CLANG_ENABLE_OBJC_ARC = YES;
				CLANG_ENABLE_OBJC_WEAK = YES;
				CLANG_WARN_BLOCK_CAPTURE_AUTORELEASING = YES;
				CLANG_WARN_BOOL_CONVERSION = YES;
				CLANG_WARN_COMMA = YES;
				CLANG_WARN_CONSTANT_CONVERSION = YES;
				CLANG_WARN_DEPRECATED_OBJC_IMPLEMENTATIONS = YES;
				CLANG_WARN_DIRECT_OBJC_ISA_USAGE = YES_ERROR;
				CLANG_WARN_DOCUMENTATION_COMMENTS = YES;
				CLANG_WARN_EMPTY_BODY = YES;
				CLANG_WARN_ENUM_CONVERSION = YES;
				CLANG_WARN_INFINITE_RECURSION = YES;
				CLANG_WARN_INT_CONVERSION = YES;
				CLANG_WARN_NON_LITERAL_NULL_CONVERSION = YES;
				CLANG_WARN_OBJC_IMPLICIT_RETAIN_SELF = YES;
				CLANG_WARN_OBJC_LITERAL_CONVERSION = YES;
				CLANG_WARN_OBJC_ROOT_CLASS = YES_ERROR;
				CLANG_WARN_QUOTED_INCLUDE_IN_FRAMEWORK_HEADER = YES;
				CLANG_WARN_RANGE_LOOP_ANALYSIS = YES;
				CLANG_WARN_STRICT_PROTOTYPES = YES;
				CLANG_WARN_SUSPICIOUS_MOVE = YES;
				CLANG_WARN_UNGUARDED_AVAILABILITY = YES_AGGRESSIVE;
				CLANG_WARN_UNREACHABLE_CODE = YES;
				CLANG_WARN__DUPLICATE_METHOD_MATCH = YES;
				COPY_PHASE_STRIP = NO;
				DEBUG_INFORMATION_FORMAT = dwarf;
				ENABLE_STRICT_OBJC_MSGSEND = YES;
				ENABLE_TESTABILITY = YES;
				GCC_C_LANGUAGE_STANDARD = gnu11;
				GCC_DYNAMIC_NO_PIC = NO;
				GCC_NO_COMMON_BLOCKS = YES;
				GCC_OPTIMIZATION_LEVEL = 0;
				GCC_PREPROCESSOR_DEFINITIONS = (
					"DEBUG=1",
					"$(inherited)",
				);
				GCC_WARN_64_TO_32_BIT_CONVERSION = YES;
				GCC_WARN_ABOUT_RETURN_TYPE = YES_ERROR;
				GCC_WARN_UNDECLARED_SELECTOR = YES;
				GCC_WARN_UNINITIALIZED_AUTOS = YES_AGGRESSIVE;
				GCC_WARN_UNUSED_FUNCTION = YES;
				GCC_WARN_UNUSED_VARIABLE = YES;
				IPHONEOS_DEPLOYMENT_TARGET = 16.4;
				MTL_ENABLE_DEBUG_INFO = INCLUDE_SOURCE;
				MTL_FAST_MATH = YES;
				ONLY_ACTIVE_ARCH = YES;
				SDKROOT = iphoneos;
				SWIFT_ACTIVE_COMPILATION_CONDITIONS = DEBUG;
				SWIFT_OPTIMIZATION_LEVEL = "-Onone";
			};
			name = Debug;
		};
		682382142AC9BBA400D5D8EB /* Release */ = {
			isa = XCBuildConfiguration;
			buildSettings = {
				ALWAYS_SEARCH_USER_PATHS = NO;
				CLANG_ANALYZER_NONNULL = YES;
				CLANG_ANALYZER_NUMBER_OBJECT_CONVERSION = YES_AGGRESSIVE;
				CLANG_CXX_LANGUAGE_STANDARD = "gnu++20";
				CLANG_ENABLE_MODULES = YES;
				CLANG_ENABLE_OBJC_ARC = YES;
				CLANG_ENABLE_OBJC_WEAK = YES;
				CLANG_WARN_BLOCK_CAPTURE_AUTORELEASING = YES;
				CLANG_WARN_BOOL_CONVERSION = YES;
				CLANG_WARN_COMMA = YES;
				CLANG_WARN_CONSTANT_CONVERSION = YES;
				CLANG_WARN_DEPRECATED_OBJC_IMPLEMENTATIONS = YES;
				CLANG_WARN_DIRECT_OBJC_ISA_USAGE = YES_ERROR;
				CLANG_WARN_DOCUMENTATION_COMMENTS = YES;
				CLANG_WARN_EMPTY_BODY = YES;
				CLANG_WARN_ENUM_CONVERSION = YES;
				CLANG_WARN_INFINITE_RECURSION = YES;
				CLANG_WARN_INT_CONVERSION = YES;
				CLANG_WARN_NON_LITERAL_NULL_CONVERSION = YES;
				CLANG_WARN_OBJC_IMPLICIT_RETAIN_SELF = YES;
				CLANG_WARN_OBJC_LITERAL_CONVERSION = YES;
				CLANG_WARN_OBJC_ROOT_CLASS = YES_ERROR;
				CLANG_WARN_QUOTED_INCLUDE_IN_FRAMEWORK_HEADER = YES;
				CLANG_WARN_RANGE_LOOP_ANALYSIS = YES;
				CLANG_WARN_STRICT_PROTOTYPES = YES;
				CLANG_WARN_SUSPICIOUS_MOVE = YES;
				CLANG_WARN_UNGUARDED_AVAILABILITY = YES_AGGRESSIVE;
				CLANG_WARN_UNREACHABLE_CODE = YES;
				CLANG_WARN__DUPLICATE_METHOD_MATCH = YES;
				COPY_PHASE_STRIP = NO;
				DEBUG_INFORMATION_FORMAT = "dwarf-with-dsym";
				ENABLE_NS_ASSERTIONS = NO;
				ENABLE_STRICT_OBJC_MSGSEND = YES;
				GCC_C_LANGUAGE_STANDARD = gnu11;
				GCC_NO_COMMON_BLOCKS = YES;
				GCC_WARN_64_TO_32_BIT_CONVERSION = YES;
				GCC_WARN_ABOUT_RETURN_TYPE = YES_ERROR;
				GCC_WARN_UNDECLARED_SELECTOR = YES;
				GCC_WARN_UNINITIALIZED_AUTOS = YES_AGGRESSIVE;
				GCC_WARN_UNUSED_FUNCTION = YES;
				GCC_WARN_UNUSED_VARIABLE = YES;
				IPHONEOS_DEPLOYMENT_TARGET = 16.4;
				MTL_ENABLE_DEBUG_INFO = NO;
				MTL_FAST_MATH = YES;
				SDKROOT = iphoneos;
				SWIFT_COMPILATION_MODE = wholemodule;
				SWIFT_OPTIMIZATION_LEVEL = "-O";
				VALIDATE_PRODUCT = YES;
			};
			name = Release;
		};
		682382162AC9BBA400D5D8EB /* Debug */ = {
			isa = XCBuildConfiguration;
			buildSettings = {
				ASSETCATALOG_COMPILER_APPICON_NAME = AppIcon;
				ASSETCATALOG_COMPILER_GLOBAL_ACCENT_COLOR_NAME = AccentColor;
				CODE_SIGN_STYLE = Automatic;
				CURRENT_PROJECT_VERSION = 1;
				GENERATE_INFOPLIST_FILE = YES;
				INFOPLIST_FILE = OrderApp/Info.plist;
				INFOPLIST_KEY_UIApplicationSupportsIndirectInputEvents = YES;
				INFOPLIST_KEY_UILaunchStoryboardName = LaunchScreen;
				INFOPLIST_KEY_UIMainStoryboardFile = Main;
				INFOPLIST_KEY_UISupportedInterfaceOrientations_iPad = "UIInterfaceOrientationPortrait UIInterfaceOrientationPortraitUpsideDown UIInterfaceOrientationLandscapeLeft UIInterfaceOrientationLandscapeRight";
				INFOPLIST_KEY_UISupportedInterfaceOrientations_iPhone = "UIInterfaceOrientationPortrait UIInterfaceOrientationLandscapeLeft UIInterfaceOrientationLandscapeRight";
				LD_RUNPATH_SEARCH_PATHS = (
					"$(inherited)",
					"@executable_path/Frameworks",
				);
				MARKETING_VERSION = 1.0;
				PRODUCT_BUNDLE_IDENTIFIER = guven.OrderApp;
				PRODUCT_NAME = "$(TARGET_NAME)";
				SWIFT_EMIT_LOC_STRINGS = YES;
				SWIFT_VERSION = 5.0;
				TARGETED_DEVICE_FAMILY = "1,2";
			};
			name = Debug;
		};
		682382172AC9BBA400D5D8EB /* Release */ = {
			isa = XCBuildConfiguration;
			buildSettings = {
				ASSETCATALOG_COMPILER_APPICON_NAME = AppIcon;
				ASSETCATALOG_COMPILER_GLOBAL_ACCENT_COLOR_NAME = AccentColor;
				CODE_SIGN_STYLE = Automatic;
				CURRENT_PROJECT_VERSION = 1;
				GENERATE_INFOPLIST_FILE = YES;
				INFOPLIST_FILE = OrderApp/Info.plist;
				INFOPLIST_KEY_UIApplicationSupportsIndirectInputEvents = YES;
				INFOPLIST_KEY_UILaunchStoryboardName = LaunchScreen;
				INFOPLIST_KEY_UIMainStoryboardFile = Main;
				INFOPLIST_KEY_UISupportedInterfaceOrientations_iPad = "UIInterfaceOrientationPortrait UIInterfaceOrientationPortraitUpsideDown UIInterfaceOrientationLandscapeLeft UIInterfaceOrientationLandscapeRight";
				INFOPLIST_KEY_UISupportedInterfaceOrientations_iPhone = "UIInterfaceOrientationPortrait UIInterfaceOrientationLandscapeLeft UIInterfaceOrientationLandscapeRight";
				LD_RUNPATH_SEARCH_PATHS = (
					"$(inherited)",
					"@executable_path/Frameworks",
				);
				MARKETING_VERSION = 1.0;
				PRODUCT_BUNDLE_IDENTIFIER = guven.OrderApp;
				PRODUCT_NAME = "$(TARGET_NAME)";
				SWIFT_EMIT_LOC_STRINGS = YES;
				SWIFT_VERSION = 5.0;
				TARGETED_DEVICE_FAMILY = "1,2";
			};
			name = Release;
		};
/* End XCBuildConfiguration section */

/* Begin XCConfigurationList section */
		682381FC2AC9BBA400D5D8EB /* Build configuration list for PBXProject "OrderApp" */ = {
			isa = XCConfigurationList;
			buildConfigurations = (
				682382132AC9BBA400D5D8EB /* Debug */,
				682382142AC9BBA400D5D8EB /* Release */,
			);
			defaultConfigurationIsVisible = 0;
			defaultConfigurationName = Release;
		};
		682382152AC9BBA400D5D8EB /* Build configuration list for PBXNativeTarget "OrderApp" */ = {
			isa = XCConfigurationList;
			buildConfigurations = (
				682382162AC9BBA400D5D8EB /* Debug */,
				682382172AC9BBA400D5D8EB /* Release */,
			);
			defaultConfigurationIsVisible = 0;
			defaultConfigurationName = Release;
		};
/* End XCConfigurationList section */

/* Begin XCRemoteSwiftPackageReference section */
		682382332AC9D6C400D5D8EB /* XCRemoteSwiftPackageReference "Alamofire" */ = {
			isa = XCRemoteSwiftPackageReference;
			repositoryURL = "https://github.com/Alamofire/Alamofire.git";
			requirement = {
				kind = upToNextMajorVersion;
				minimumVersion = 5.0.0;
			};
		};
		682382362AC9D6D100D5D8EB /* XCRemoteSwiftPackageReference "Kingfisher" */ = {
			isa = XCRemoteSwiftPackageReference;
			repositoryURL = "https://github.com/onevcat/Kingfisher.git";
			requirement = {
				kind = upToNextMajorVersion;
				minimumVersion = 7.0.0;
			};
		};
		682382392AC9D6F800D5D8EB /* XCRemoteSwiftPackageReference "firebase-ios-sdk" */ = {
			isa = XCRemoteSwiftPackageReference;
			repositoryURL = "https://github.com/firebase/firebase-ios-sdk";
			requirement = {
				kind = upToNextMajorVersion;
				minimumVersion = 10.0.0;
			};
		};
		6823823E2AC9EB2900D5D8EB /* XCRemoteSwiftPackageReference "RxSwift" */ = {
			isa = XCRemoteSwiftPackageReference;
			repositoryURL = "https://github.com/ReactiveX/RxSwift.git";
			requirement = {
				kind = upToNextMajorVersion;
				minimumVersion = 6.0.0;
			};
		};
/* End XCRemoteSwiftPackageReference section */

/* Begin XCSwiftPackageProductDependency section */
		682382342AC9D6C400D5D8EB /* Alamofire */ = {
			isa = XCSwiftPackageProductDependency;
			package = 682382332AC9D6C400D5D8EB /* XCRemoteSwiftPackageReference "Alamofire" */;
			productName = Alamofire;
		};
		682382372AC9D6D100D5D8EB /* Kingfisher */ = {
			isa = XCSwiftPackageProductDependency;
			package = 682382362AC9D6D100D5D8EB /* XCRemoteSwiftPackageReference "Kingfisher" */;
			productName = Kingfisher;
		};
		6823823A2AC9D6F800D5D8EB /* FirebaseAuth */ = {
			isa = XCSwiftPackageProductDependency;
			package = 682382392AC9D6F800D5D8EB /* XCRemoteSwiftPackageReference "firebase-ios-sdk" */;
			productName = FirebaseAuth;
		};
		6823823C2AC9D6F800D5D8EB /* FirebaseFirestore */ = {
			isa = XCSwiftPackageProductDependency;
			package = 682382392AC9D6F800D5D8EB /* XCRemoteSwiftPackageReference "firebase-ios-sdk" */;
			productName = FirebaseFirestore;
		};
		6823823F2AC9EB2900D5D8EB /* RxSwift */ = {
			isa = XCSwiftPackageProductDependency;
			package = 6823823E2AC9EB2900D5D8EB /* XCRemoteSwiftPackageReference "RxSwift" */;
			productName = RxSwift;
		};
/* End XCSwiftPackageProductDependency section */
	};
	rootObject = 682381F92AC9BBA400D5D8EB /* Project object */;
}
